
Microsoft Visual Studio Solution File, Format Version 12.00
# Visual Studio Version 16
VisualStudioVersion = 16.0.31205.134
MinimumVisualStudioVersion = 10.0.40219.1
Project("{9A19103F-16F7-4668-BE54-9A1E7A4F7556}") = "eRestoran.WebAPI", "eRestoran.WebAPI\eRestoran.WebAPI.csproj", "{D7AED0E4-BDF7-4C26-9F87-248450DB592B}"
EndProject
Project("{2150E333-8FDC-42A3-9474-1A3956D46DE8}") = "UI", "UI", "{058E0F38-DA67-47F6-9A0D-7F3FB00E8545}"
EndProject
Project("{FAE04EC0-301F-11D3-BF4B-00C04F79EFBC}") = "eRestoran.WinUI", "eRestoran.WinUI\eRestoran.WinUI.csproj", "{A5FB3A8C-6FC0-4DE3-9D60-E3AF01826D76}"
EndProject
Project("{9A19103F-16F7-4668-BE54-9A1E7A4F7556}") = "eRestoran.Model", "eRestoran.Model\eRestoran.Model.csproj", "{5C371F1A-85C8-4530-8917-3097A1147F96}"
EndProject
Project("{2150E333-8FDC-42A3-9474-1A3956D46DE8}") = "eRestoran.Mobile", "eRestoran.Mobile", "{4556C33C-8BF3-414B-A44C-0AF6A3432A45}"
EndProject
Project("{FAE04EC0-301F-11D3-BF4B-00C04F79EFBC}") = "eRestoran.Mobile.UWP", "eRestoran.Mobile\eRestoran.Mobile.UWP\eRestoran.Mobile.UWP.csproj", "{80AEA848-3583-4B4E-BA58-1AD44F05C121}"
EndProject
Project("{FAE04EC0-301F-11D3-BF4B-00C04F79EFBC}") = "eRestoran.Mobile.Android", "eRestoran.Mobile\eRestoran.Mobile.Android\eRestoran.Mobile.Android.csproj", "{4EB47738-F550-4A14-90ED-A674FAB2A483}"
EndProject
Project("{FAE04EC0-301F-11D3-BF4B-00C04F79EFBC}") = "eRestoran.Mobile.iOS", "eRestoran.Mobile\eRestoran.Mobile.iOS\eRestoran.Mobile.iOS.csproj", "{97183D21-FC18-4584-8844-6DDB52D27294}"
EndProject
Project("{9A19103F-16F7-4668-BE54-9A1E7A4F7556}") = "eRestoran.Mobile", "eRestoran.Mobile\eRestoran.Mobile\eRestoran.Mobile.csproj", "{D820A2D5-EF64-49CB-A4F7-EF3A686D5FAF}"
EndProject
Global
	GlobalSection(SolutionConfigurationPlatforms) = preSolution
		Debug|Any CPU = Debug|Any CPU
		Debug|ARM = Debug|ARM
		Debug|iPhone = Debug|iPhone
		Debug|iPhoneSimulator = Debug|iPhoneSimulator
		Debug|x64 = Debug|x64
		Debug|x86 = Debug|x86
		Release|Any CPU = Release|Any CPU
		Release|ARM = Release|ARM
		Release|iPhone = Release|iPhone
		Release|iPhoneSimulator = Release|iPhoneSimulator
		Release|x64 = Release|x64
		Release|x86 = Release|x86
	EndGlobalSection
	GlobalSection(ProjectConfigurationPlatforms) = postSolution
		{D7AED0E4-BDF7-4C26-9F87-248450DB592B}.Debug|Any CPU.ActiveCfg = Debug|Any CPU
		{D7AED0E4-BDF7-4C26-9F87-248450DB592B}.Debug|Any CPU.Build.0 = Debug|Any CPU
		{D7AED0E4-BDF7-4C26-9F87-248450DB592B}.Debug|ARM.ActiveCfg = Debug|Any CPU
		{D7AED0E4-BDF7-4C26-9F87-248450DB592B}.Debug|ARM.Build.0 = Debug|Any CPU
		{D7AED0E4-BDF7-4C26-9F87-248450DB592B}.Debug|iPhone.ActiveCfg = Debug|Any CPU
		{D7AED0E4-BDF7-4C26-9F87-248450DB592B}.Debug|iPhone.Build.0 = Debug|Any CPU
		{D7AED0E4-BDF7-4C26-9F87-248450DB592B}.Debug|iPhoneSimulator.ActiveCfg = Debug|Any CPU
		{D7AED0E4-BDF7-4C26-9F87-248450DB592B}.Debug|iPhoneSimulator.Build.0 = Debug|Any CPU
		{D7AED0E4-BDF7-4C26-9F87-248450DB592B}.Debug|x64.ActiveCfg = Debug|Any CPU
		{D7AED0E4-BDF7-4C26-9F87-248450DB592B}.Debug|x64.Build.0 = Debug|Any CPU
		{D7AED0E4-BDF7-4C26-9F87-248450DB592B}.Debug|x86.ActiveCfg = Debug|Any CPU
		{D7AED0E4-BDF7-4C26-9F87-248450DB592B}.Debug|x86.Build.0 = Debug|Any CPU
		{D7AED0E4-BDF7-4C26-9F87-248450DB592B}.Release|Any CPU.ActiveCfg = Release|Any CPU
		{D7AED0E4-BDF7-4C26-9F87-248450DB592B}.Release|Any CPU.Build.0 = Release|Any CPU
		{D7AED0E4-BDF7-4C26-9F87-248450DB592B}.Release|ARM.ActiveCfg = Release|Any CPU
		{D7AED0E4-BDF7-4C26-9F87-248450DB592B}.Release|ARM.Build.0 = Release|Any CPU
		{D7AED0E4-BDF7-4C26-9F87-248450DB592B}.Release|iPhone.ActiveCfg = Release|Any CPU
		{D7AED0E4-BDF7-4C26-9F87-248450DB592B}.Release|iPhone.Build.0 = Release|Any CPU
		{D7AED0E4-BDF7-4C26-9F87-248450DB592B}.Release|iPhoneSimulator.ActiveCfg = Release|Any CPU
		{D7AED0E4-BDF7-4C26-9F87-248450DB592B}.Release|iPhoneSimulator.Build.0 = Release|Any CPU
		{D7AED0E4-BDF7-4C26-9F87-248450DB592B}.Release|x64.ActiveCfg = Release|Any CPU
		{D7AED0E4-BDF7-4C26-9F87-248450DB592B}.Release|x64.Build.0 = Release|Any CPU
		{D7AED0E4-BDF7-4C26-9F87-248450DB592B}.Release|x86.ActiveCfg = Release|Any CPU
		{D7AED0E4-BDF7-4C26-9F87-248450DB592B}.Release|x86.Build.0 = Release|Any CPU
		{A5FB3A8C-6FC0-4DE3-9D60-E3AF01826D76}.Debug|Any CPU.ActiveCfg = Debug|Any CPU
		{A5FB3A8C-6FC0-4DE3-9D60-E3AF01826D76}.Debug|Any CPU.Build.0 = Debug|Any CPU
		{A5FB3A8C-6FC0-4DE3-9D60-E3AF01826D76}.Debug|ARM.ActiveCfg = Debug|Any CPU
		{A5FB3A8C-6FC0-4DE3-9D60-E3AF01826D76}.Debug|ARM.Build.0 = Debug|Any CPU
		{A5FB3A8C-6FC0-4DE3-9D60-E3AF01826D76}.Debug|iPhone.ActiveCfg = Debug|Any CPU
		{A5FB3A8C-6FC0-4DE3-9D60-E3AF01826D76}.Debug|iPhone.Build.0 = Debug|Any CPU
		{A5FB3A8C-6FC0-4DE3-9D60-E3AF01826D76}.Debug|iPhoneSimulator.ActiveCfg = Debug|Any CPU
		{A5FB3A8C-6FC0-4DE3-9D60-E3AF01826D76}.Debug|iPhoneSimulator.Build.0 = Debug|Any CPU
		{A5FB3A8C-6FC0-4DE3-9D60-E3AF01826D76}.Debug|x64.ActiveCfg = Debug|Any CPU
		{A5FB3A8C-6FC0-4DE3-9D60-E3AF01826D76}.Debug|x64.Build.0 = Debug|Any CPU
		{A5FB3A8C-6FC0-4DE3-9D60-E3AF01826D76}.Debug|x86.ActiveCfg = Debug|Any CPU
		{A5FB3A8C-6FC0-4DE3-9D60-E3AF01826D76}.Debug|x86.Build.0 = Debug|Any CPU
		{A5FB3A8C-6FC0-4DE3-9D60-E3AF01826D76}.Release|Any CPU.ActiveCfg = Release|Any CPU
		{A5FB3A8C-6FC0-4DE3-9D60-E3AF01826D76}.Release|Any CPU.Build.0 = Release|Any CPU
		{A5FB3A8C-6FC0-4DE3-9D60-E3AF01826D76}.Release|ARM.ActiveCfg = Release|Any CPU
		{A5FB3A8C-6FC0-4DE3-9D60-E3AF01826D76}.Release|ARM.Build.0 = Release|Any CPU
		{A5FB3A8C-6FC0-4DE3-9D60-E3AF01826D76}.Release|iPhone.ActiveCfg = Release|Any CPU
		{A5FB3A8C-6FC0-4DE3-9D60-E3AF01826D76}.Release|iPhone.Build.0 = Release|Any CPU
		{A5FB3A8C-6FC0-4DE3-9D60-E3AF01826D76}.Release|iPhoneSimulator.ActiveCfg = Release|Any CPU
		{A5FB3A8C-6FC0-4DE3-9D60-E3AF01826D76}.Release|iPhoneSimulator.Build.0 = Release|Any CPU
		{A5FB3A8C-6FC0-4DE3-9D60-E3AF01826D76}.Release|x64.ActiveCfg = Release|Any CPU
		{A5FB3A8C-6FC0-4DE3-9D60-E3AF01826D76}.Release|x64.Build.0 = Release|Any CPU
		{A5FB3A8C-6FC0-4DE3-9D60-E3AF01826D76}.Release|x86.ActiveCfg = Release|Any CPU
		{A5FB3A8C-6FC0-4DE3-9D60-E3AF01826D76}.Release|x86.Build.0 = Release|Any CPU
		{5C371F1A-85C8-4530-8917-3097A1147F96}.Debug|Any CPU.ActiveCfg = Debug|Any CPU
		{5C371F1A-85C8-4530-8917-3097A1147F96}.Debug|Any CPU.Build.0 = Debug|Any CPU
		{5C371F1A-85C8-4530-8917-3097A1147F96}.Debug|ARM.ActiveCfg = Debug|Any CPU
		{5C371F1A-85C8-4530-8917-3097A1147F96}.Debug|ARM.Build.0 = Debug|Any CPU
		{5C371F1A-85C8-4530-8917-3097A1147F96}.Debug|iPhone.ActiveCfg = Debug|Any CPU
		{5C371F1A-85C8-4530-8917-3097A1147F96}.Debug|iPhone.Build.0 = Debug|Any CPU
		{5C371F1A-85C8-4530-8917-3097A1147F96}.Debug|iPhoneSimulator.ActiveCfg = Debug|Any CPU
		{5C371F1A-85C8-4530-8917-3097A1147F96}.Debug|iPhoneSimulator.Build.0 = Debug|Any CPU
		{5C371F1A-85C8-4530-8917-3097A1147F96}.Debug|x64.ActiveCfg = Debug|Any CPU
		{5C371F1A-85C8-4530-8917-3097A1147F96}.Debug|x64.Build.0 = Debug|Any CPU
		{5C371F1A-85C8-4530-8917-3097A1147F96}.Debug|x86.ActiveCfg = Debug|Any CPU
		{5C371F1A-85C8-4530-8917-3097A1147F96}.Debug|x86.Build.0 = Debug|Any CPU
		{5C371F1A-85C8-4530-8917-3097A1147F96}.Release|Any CPU.ActiveCfg = Release|Any CPU
		{5C371F1A-85C8-4530-8917-3097A1147F96}.Release|Any CPU.Build.0 = Release|Any CPU
		{5C371F1A-85C8-4530-8917-3097A1147F96}.Release|ARM.ActiveCfg = Release|Any CPU
		{5C371F1A-85C8-4530-8917-3097A1147F96}.Release|ARM.Build.0 = Release|Any CPU
		{5C371F1A-85C8-4530-8917-3097A1147F96}.Release|iPhone.ActiveCfg = Release|Any CPU
		{5C371F1A-85C8-4530-8917-3097A1147F96}.Release|iPhone.Build.0 = Release|Any CPU
		{5C371F1A-85C8-4530-8917-3097A1147F96}.Release|iPhoneSimulator.ActiveCfg = Release|Any CPU
		{5C371F1A-85C8-4530-8917-3097A1147F96}.Release|iPhoneSimulator.Build.0 = Release|Any CPU
		{5C371F1A-85C8-4530-8917-3097A1147F96}.Release|x64.ActiveCfg = Release|Any CPU
		{5C371F1A-85C8-4530-8917-3097A1147F96}.Release|x64.Build.0 = Release|Any CPU
		{5C371F1A-85C8-4530-8917-3097A1147F96}.Release|x86.ActiveCfg = Release|Any CPU
		{5C371F1A-85C8-4530-8917-3097A1147F96}.Release|x86.Build.0 = Release|Any CPU
		{80AEA848-3583-4B4E-BA58-1AD44F05C121}.Debug|Any CPU.ActiveCfg = Debug|x86
		{80AEA848-3583-4B4E-BA58-1AD44F05C121}.Debug|ARM.ActiveCfg = Debug|ARM
		{80AEA848-3583-4B4E-BA58-1AD44F05C121}.Debug|ARM.Build.0 = Debug|ARM
		{80AEA848-3583-4B4E-BA58-1AD44F05C121}.Debug|ARM.Deploy.0 = Debug|ARM
		{80AEA848-3583-4B4E-BA58-1AD44F05C121}.Debug|iPhone.ActiveCfg = Debug|x86
		{80AEA848-3583-4B4E-BA58-1AD44F05C121}.Debug|iPhoneSimulator.ActiveCfg = Debug|x86
		{80AEA848-3583-4B4E-BA58-1AD44F05C121}.Debug|x64.ActiveCfg = Debug|x64
		{80AEA848-3583-4B4E-BA58-1AD44F05C121}.Debug|x64.Build.0 = Debug|x64
		{80AEA848-3583-4B4E-BA58-1AD44F05C121}.Debug|x64.Deploy.0 = Debug|x64
		{80AEA848-3583-4B4E-BA58-1AD44F05C121}.Debug|x86.ActiveCfg = Debug|x86
		{80AEA848-3583-4B4E-BA58-1AD44F05C121}.Debug|x86.Build.0 = Debug|x86
		{80AEA848-3583-4B4E-BA58-1AD44F05C121}.Debug|x86.Deploy.0 = Debug|x86
		{80AEA848-3583-4B4E-BA58-1AD44F05C121}.Release|Any CPU.ActiveCfg = Release|x86
		{80AEA848-3583-4B4E-BA58-1AD44F05C121}.Release|ARM.ActiveCfg = Release|ARM
		{80AEA848-3583-4B4E-BA58-1AD44F05C121}.Release|ARM.Build.0 = Release|ARM
		{80AEA848-3583-4B4E-BA58-1AD44F05C121}.Release|ARM.Deploy.0 = Release|ARM
		{80AEA848-3583-4B4E-BA58-1AD44F05C121}.Release|iPhone.ActiveCfg = Release|x86
		{80AEA848-3583-4B4E-BA58-1AD44F05C121}.Release|iPhoneSimulator.ActiveCfg = Release|x86
		{80AEA848-3583-4B4E-BA58-1AD44F05C121}.Release|x64.ActiveCfg = Release|x64
		{80AEA848-3583-4B4E-BA58-1AD44F05C121}.Release|x64.Build.0 = Release|x64
		{80AEA848-3583-4B4E-BA58-1AD44F05C121}.Release|x64.Deploy.0 = Release|x64
		{80AEA848-3583-4B4E-BA58-1AD44F05C121}.Release|x86.ActiveCfg = Release|x86
		{80AEA848-3583-4B4E-BA58-1AD44F05C121}.Release|x86.Build.0 = Release|x86
		{80AEA848-3583-4B4E-BA58-1AD44F05C121}.Release|x86.Deploy.0 = Release|x86
		{4EB47738-F550-4A14-90ED-A674FAB2A483}.Debug|Any CPU.ActiveCfg = Debug|Any CPU
		{4EB47738-F550-4A14-90ED-A674FAB2A483}.Debug|Any CPU.Build.0 = Debug|Any CPU
		{4EB47738-F550-4A14-90ED-A674FAB2A483}.Debug|Any CPU.Deploy.0 = Debug|Any CPU
		{4EB47738-F550-4A14-90ED-A674FAB2A483}.Debug|ARM.ActiveCfg = Debug|Any CPU
		{4EB47738-F550-4A14-90ED-A674FAB2A483}.Debug|ARM.Build.0 = Debug|Any CPU
		{4EB47738-F550-4A14-90ED-A674FAB2A483}.Debug|ARM.Deploy.0 = Debug|Any CPU
		{4EB47738-F550-4A14-90ED-A674FAB2A483}.Debug|iPhone.ActiveCfg = Debug|Any CPU
		{4EB47738-F550-4A14-90ED-A674FAB2A483}.Debug|iPhone.Build.0 = Debug|Any CPU
		{4EB47738-F550-4A14-90ED-A674FAB2A483}.Debug|iPhone.Deploy.0 = Debug|Any CPU
		{4EB47738-F550-4A14-90ED-A674FAB2A483}.Debug|iPhoneSimulator.ActiveCfg = Debug|Any CPU
		{4EB47738-F550-4A14-90ED-A674FAB2A483}.Debug|iPhoneSimulator.Build.0 = Debug|Any CPU
		{4EB47738-F550-4A14-90ED-A674FAB2A483}.Debug|iPhoneSimulator.Deploy.0 = Debug|Any CPU
		{4EB47738-F550-4A14-90ED-A674FAB2A483}.Debug|x64.ActiveCfg = Debug|Any CPU
		{4EB47738-F550-4A14-90ED-A674FAB2A483}.Debug|x64.Build.0 = Debug|Any CPU
		{4EB47738-F550-4A14-90ED-A674FAB2A483}.Debug|x64.Deploy.0 = Debug|Any CPU
		{4EB47738-F550-4A14-90ED-A674FAB2A483}.Debug|x86.ActiveCfg = Debug|Any CPU
		{4EB47738-F550-4A14-90ED-A674FAB2A483}.Debug|x86.Build.0 = Debug|Any CPU
		{4EB47738-F550-4A14-90ED-A674FAB2A483}.Debug|x86.Deploy.0 = Debug|Any CPU
		{4EB47738-F550-4A14-90ED-A674FAB2A483}.Release|Any CPU.ActiveCfg = Release|Any CPU
		{4EB47738-F550-4A14-90ED-A674FAB2A483}.Release|Any CPU.Build.0 = Release|Any CPU
		{4EB47738-F550-4A14-90ED-A674FAB2A483}.Release|Any CPU.Deploy.0 = Release|Any CPU
		{4EB47738-F550-4A14-90ED-A674FAB2A483}.Release|ARM.ActiveCfg = Release|Any CPU
		{4EB47738-F550-4A14-90ED-A674FAB2A483}.Release|ARM.Build.0 = Release|Any CPU
		{4EB47738-F550-4A14-90ED-A674FAB2A483}.Release|ARM.Deploy.0 = Release|Any CPU
		{4EB47738-F550-4A14-90ED-A674FAB2A483}.Release|iPhone.ActiveCfg = Release|Any CPU
		{4EB47738-F550-4A14-90ED-A674FAB2A483}.Release|iPhone.Build.0 = Release|Any CPU
		{4EB47738-F550-4A14-90ED-A674FAB2A483}.Release|iPhone.Deploy.0 = Release|Any CPU
		{4EB47738-F550-4A14-90ED-A674FAB2A483}.Release|iPhoneSimulator.ActiveCfg = Release|Any CPU
		{4EB47738-F550-4A14-90ED-A674FAB2A483}.Release|iPhoneSimulator.Build.0 = Release|Any CPU
		{4EB47738-F550-4A14-90ED-A674FAB2A483}.Release|iPhoneSimulator.Deploy.0 = Release|Any CPU
		{4EB47738-F550-4A14-90ED-A674FAB2A483}.Release|x64.ActiveCfg = Release|Any CPU
		{4EB47738-F550-4A14-90ED-A674FAB2A483}.Release|x64.Build.0 = Release|Any CPU
		{4EB47738-F550-4A14-90ED-A674FAB2A483}.Release|x64.Deploy.0 = Release|Any CPU
		{4EB47738-F550-4A14-90ED-A674FAB2A483}.Release|x86.ActiveCfg = Release|Any CPU
		{4EB47738-F550-4A14-90ED-A674FAB2A483}.Release|x86.Build.0 = Release|Any CPU
		{4EB47738-F550-4A14-90ED-A674FAB2A483}.Release|x86.Deploy.0 = Release|Any CPU
		{97183D21-FC18-4584-8844-6DDB52D27294}.Debug|Any CPU.ActiveCfg = Debug|iPhone
		{97183D21-FC18-4584-8844-6DDB52D27294}.Debug|ARM.ActiveCfg = Debug|iPhone
		{97183D21-FC18-4584-8844-6DDB52D27294}.Debug|iPhone.ActiveCfg = Debug|iPhone
		{97183D21-FC18-4584-8844-6DDB52D27294}.Debug|iPhone.Build.0 = Debug|iPhone
		{97183D21-FC18-4584-8844-6DDB52D27294}.Debug|iPhoneSimulator.ActiveCfg = Debug|iPhoneSimulator
		{97183D21-FC18-4584-8844-6DDB52D27294}.Debug|iPhoneSimulator.Build.0 = Debug|iPhoneSimulator
		{97183D21-FC18-4584-8844-6DDB52D27294}.Debug|x64.ActiveCfg = Debug|iPhone
		{97183D21-FC18-4584-8844-6DDB52D27294}.Debug|x86.ActiveCfg = Debug|iPhone
		{97183D21-FC18-4584-8844-6DDB52D27294}.Release|Any CPU.ActiveCfg = Release|iPhone
		{97183D21-FC18-4584-8844-6DDB52D27294}.Release|ARM.ActiveCfg = Release|iPhone
		{97183D21-FC18-4584-8844-6DDB52D27294}.Release|iPhone.ActiveCfg = Release|iPhone
		{97183D21-FC18-4584-8844-6DDB52D27294}.Release|iPhone.Build.0 = Release|iPhone
		{97183D21-FC18-4584-8844-6DDB52D27294}.Release|iPhoneSimulator.ActiveCfg = Release|iPhoneSimulator
		{97183D21-FC18-4584-8844-6DDB52D27294}.Release|iPhoneSimulator.Build.0 = Release|iPhoneSimulator
		{97183D21-FC18-4584-8844-6DDB52D27294}.Release|x64.ActiveCfg = Release|iPhone
		{97183D21-FC18-4584-8844-6DDB52D27294}.Release|x86.ActiveCfg = Release|iPhone
		{D820A2D5-EF64-49CB-A4F7-EF3A686D5FAF}.Debug|Any CPU.ActiveCfg = Debug|Any CPU
		{D820A2D5-EF64-49CB-A4F7-EF3A686D5FAF}.Debug|Any CPU.Build.0 = Debug|Any CPU
		{D820A2D5-EF64-49CB-A4F7-EF3A686D5FAF}.Debug|ARM.ActiveCfg = Debug|Any CPU
		{D820A2D5-EF64-49CB-A4F7-EF3A686D5FAF}.Debug|ARM.Build.0 = Debug|Any CPU
		{D820A2D5-EF64-49CB-A4F7-EF3A686D5FAF}.Debug|iPhone.ActiveCfg = Debug|Any CPU
		{D820A2D5-EF64-49CB-A4F7-EF3A686D5FAF}.Debug|iPhone.Build.0 = Debug|Any CPU
		{D820A2D5-EF64-49CB-A4F7-EF3A686D5FAF}.Debug|iPhoneSimulator.ActiveCfg = Debug|Any CPU
		{D820A2D5-EF64-49CB-A4F7-EF3A686D5FAF}.Debug|iPhoneSimulator.Build.0 = Debug|Any CPU
		{D820A2D5-EF64-49CB-A4F7-EF3A686D5FAF}.Debug|x64.ActiveCfg = Debug|Any CPU
		{D820A2D5-EF64-49CB-A4F7-EF3A686D5FAF}.Debug|x64.Build.0 = Debug|Any CPU
		{D820A2D5-EF64-49CB-A4F7-EF3A686D5FAF}.Debug|x86.ActiveCfg = Debug|Any CPU
		{D820A2D5-EF64-49CB-A4F7-EF3A686D5FAF}.Debug|x86.Build.0 = Debug|Any CPU
		{D820A2D5-EF64-49CB-A4F7-EF3A686D5FAF}.Release|Any CPU.ActiveCfg = Release|Any CPU
		{D820A2D5-EF64-49CB-A4F7-EF3A686D5FAF}.Release|Any CPU.Build.0 = Release|Any CPU
		{D820A2D5-EF64-49CB-A4F7-EF3A686D5FAF}.Release|ARM.ActiveCfg = Release|Any CPU
		{D820A2D5-EF64-49CB-A4F7-EF3A686D5FAF}.Release|ARM.Build.0 = Release|Any CPU
		{D820A2D5-EF64-49CB-A4F7-EF3A686D5FAF}.Release|iPhone.ActiveCfg = Release|Any CPU
		{D820A2D5-EF64-49CB-A4F7-EF3A686D5FAF}.Release|iPhone.Build.0 = Release|Any CPU
		{D820A2D5-EF64-49CB-A4F7-EF3A686D5FAF}.Release|iPhoneSimulator.ActiveCfg = Release|Any CPU
		{D820A2D5-EF64-49CB-A4F7-EF3A686D5FAF}.Release|iPhoneSimulator.Build.0 = Release|Any CPU
		{D820A2D5-EF64-49CB-A4F7-EF3A686D5FAF}.Release|x64.ActiveCfg = Release|Any CPU
		{D820A2D5-EF64-49CB-A4F7-EF3A686D5FAF}.Release|x64.Build.0 = Release|Any CPU
		{D820A2D5-EF64-49CB-A4F7-EF3A686D5FAF}.Release|x86.ActiveCfg = Release|Any CPU
		{D820A2D5-EF64-49CB-A4F7-EF3A686D5FAF}.Release|x86.Build.0 = Release|Any CPU
	EndGlobalSection
	GlobalSection(SolutionProperties) = preSolution
		HideSolutionNode = FALSE
	EndGlobalSection
	GlobalSection(NestedProjects) = preSolution
		{A5FB3A8C-6FC0-4DE3-9D60-E3AF01826D76} = {058E0F38-DA67-47F6-9A0D-7F3FB00E8545}
		{4556C33C-8BF3-414B-A44C-0AF6A3432A45} = {058E0F38-DA67-47F6-9A0D-7F3FB00E8545}
		{80AEA848-3583-4B4E-BA58-1AD44F05C121} = {4556C33C-8BF3-414B-A44C-0AF6A3432A45}
		{4EB47738-F550-4A14-90ED-A674FAB2A483} = {4556C33C-8BF3-414B-A44C-0AF6A3432A45}
		{97183D21-FC18-4584-8844-6DDB52D27294} = {4556C33C-8BF3-414B-A44C-0AF6A3432A45}
		{D820A2D5-EF64-49CB-A4F7-EF3A686D5FAF} = {4556C33C-8BF3-414B-A44C-0AF6A3432A45}
	EndGlobalSection
	GlobalSection(ExtensibilityGlobals) = postSolution
		SolutionGuid = {3E83CAC8-C90E-441C-B65E-3D538338B92D}
	EndGlobalSection
EndGlobal
